
Microsoft Visual Studio Solution File, Format Version 12.00
# Visual Studio Version 17
VisualStudioVersion = 17.8.34525.116
MinimumVisualStudioVersion = 10.0.40219.1
Project("{FAE04EC0-301F-11D3-BF4B-00C04F79EFBC}") = "ProductEF", "ProductEF\ProductEF.csproj", "{3C029ACB-BEFA-4AA4-B934-E5A9E67CEE3B}"
EndProject
Project("{FAE04EC0-301F-11D3-BF4B-00C04F79EFBC}") = "DataAccessLayer", "DataAccessLayer\DataAccessLayer.csproj", "{F42D5DC1-2899-4932-9D25-683E883B8782}"
EndProject
Project("{FAE04EC0-301F-11D3-BF4B-00C04F79EFBC}") = "BusinessLogicLayer", "BusinessLogicLayer\BusinessLogicLayer.csproj", "{A75670E1-ED2F-4B8B-BFC2-78CD4D3FBDC0}"
EndProject
Global
	GlobalSection(SolutionConfigurationPlatforms) = preSolution
		Debug|Any CPU = Debug|Any CPU
		Release|Any CPU = Release|Any CPU
	EndGlobalSection
	GlobalSection(ProjectConfigurationPlatforms) = postSolution
		{3C029ACB-BEFA-4AA4-B934-E5A9E67CEE3B}.Debug|Any CPU.ActiveCfg = Debug|Any CPU
		{3C029ACB-BEFA-4AA4-B934-E5A9E67CEE3B}.Debug|Any CPU.Build.0 = Debug|Any CPU
		{3C029ACB-BEFA-4AA4-B934-E5A9E67CEE3B}.Release|Any CPU.ActiveCfg = Release|Any CPU
		{3C029ACB-BEFA-4AA4-B934-E5A9E67CEE3B}.Release|Any CPU.Build.0 = Release|Any CPU
		{F42D5DC1-2899-4932-9D25-683E883B8782}.Debug|Any CPU.ActiveCfg = Debug|Any CPU
		{F42D5DC1-2899-4932-9D25-683E883B8782}.Debug|Any CPU.Build.0 = Debug|Any CPU
		{F42D5DC1-2899-4932-9D25-683E883B8782}.Release|Any CPU.ActiveCfg = Release|Any CPU
		{F42D5DC1-2899-4932-9D25-683E883B8782}.Release|Any CPU.Build.0 = Release|Any CPU
		{A75670E1-ED2F-4B8B-BFC2-78CD4D3FBDC0}.Debug|Any CPU.ActiveCfg = Debug|Any CPU
		{A75670E1-ED2F-4B8B-BFC2-78CD4D3FBDC0}.Debug|Any CPU.Build.0 = Debug|Any CPU
		{A75670E1-ED2F-4B8B-BFC2-78CD4D3FBDC0}.Release|Any CPU.ActiveCfg = Release|Any CPU
		{A75670E1-ED2F-4B8B-BFC2-78CD4D3FBDC0}.Release|Any CPU.Build.0 = Release|Any CPU
	EndGlobalSection
	GlobalSection(SolutionProperties) = preSolution
		HideSolutionNode = FALSE
	EndGlobalSection
	GlobalSection(ExtensibilityGlobals) = postSolution
		SolutionGuid = {3F128E23-21B9-431A-B396-EF2FD5EE905F}
	EndGlobalSection
EndGlobal
